
Microsoft Visual Studio Solution File, Format Version 12.00
# Visual Studio Version 17
VisualStudioVersion = 17.6.33723.286
MinimumVisualStudioVersion = 10.0.40219.1
Project("{FAE04EC0-301F-11D3-BF4B-00C04F79EFBC}") = "NextaCordingTest", "NextaCordingTest\NextaCordingTest.csproj", "{F59CDEB7-1A21-4664-AAC0-6ABAE7CC1D2F}"
EndProject
Global
	GlobalSection(SolutionConfigurationPlatforms) = preSolution
		Debug|Any CPU = Debug|Any CPU
		Release|Any CPU = Release|Any CPU
	EndGlobalSection
	GlobalSection(ProjectConfigurationPlatforms) = postSolution
		{F59CDEB7-1A21-4664-AAC0-6ABAE7CC1D2F}.Debug|Any CPU.ActiveCfg = Debug|Any CPU
		{F59CDEB7-1A21-4664-AAC0-6ABAE7CC1D2F}.Debug|Any CPU.Build.0 = Debug|Any CPU
		{F59CDEB7-1A21-4664-AAC0-6ABAE7CC1D2F}.Release|Any CPU.ActiveCfg = Release|Any CPU
		{F59CDEB7-1A21-4664-AAC0-6ABAE7CC1D2F}.Release|Any CPU.Build.0 = Release|Any CPU
	EndGlobalSection
	GlobalSection(SolutionProperties) = preSolution
		HideSolutionNode = FALSE
	EndGlobalSection
	GlobalSection(ExtensibilityGlobals) = postSolution
		SolutionGuid = {E20D2618-479C-4B37-835A-05DC8E3FFAC4}
	EndGlobalSection
EndGlobal
